<?xml version="1.0" encoding="utf-8"?>
<Project ToolsVersion="4.0" xmlns="http://schemas.microsoft.com/developer/msbuild/2003">
  <ItemGroup>
    <Filter Include="Source Files">
      <UniqueIdentifier>{4FC737F1-C7A5-4376-A066-2A32D752A2FF}</UniqueIdentifier>
      <Extensions>cpp;c;cc;cxx;c++;cppm;ixx;def;odl;idl;hpj;bat;asm;asmx</Extensions>
    </Filter>
    <Filter Include="Header Files">
      <UniqueIdentifier>{93995380-89BD-4b04-88EB-625FBE52EBFB}</UniqueIdentifier>
      <Extensions>h;hh;hpp;hxx;h++;hm;inl;inc;ipp;xsd</Extensions>
    </Filter>
    <Filter Include="Resource Files">
      <UniqueIdentifier>{67DA6AB6-F800-4c08-8B7A-83BB121AAD01}</UniqueIdentifier>
      <Extensions>rc;ico;cur;bmp;dlg;rc2;rct;bin;rgs;gif;jpg;jpeg;jpe;resx;tiff;tif;png;wav;mfcribbon-ms</Extensions>
    </Filter>
  </ItemGroup>
  <ItemGroup>
    <ClInclude Include="src\framework.h">
      <Filter>Header Files</Filter>
    </ClInclude>
    <ClInclude Include="src\pch.h">
      <Filter>Header Files</Filter>
    </ClInclude>
    <ClInclude Include="src\util\thread_pool.h">
      <Filter>Header Files</Filter>
    </ClInclude>
    <ClInclude Include="src\core\core.h">
      <Filter>Header Files</Filter>
    </ClInclude>
    <ClInclude Include="src\util\log.h">
      <Filter>Header Files</Filter>
    </ClInclude>
    <ClInclude Include="src\util\util.h">
      <Filter>Header Files</Filter>
    </ClInclude>
    <ClInclude Include="src\memory\pattern.h">
      <Filter>Header Files</Filter>
    </ClInclude>
    <ClInclude Include="src\hooks\hooks.h">
      <Filter>Header Files</Filter>
    </ClInclude>
    <ClInclude Include="src\util\hooking\minhook.h">
      <Filter>Header Files</Filter>
    </ClInclude>
    <ClInclude Include="src\util\hooking\hooking.h">
      <Filter>Header Files</Filter>
    </ClInclude>
    <ClInclude Include="src\hooks\patterns.h">
      <Filter>Header Files</Filter>
    </ClInclude>
    <ClInclude Include="src\util\caller.h">
      <Filter>Header Files</Filter>
    </ClInclude>
    <ClInclude Include="src\features\manager\types.h">
      <Filter>Header Files</Filter>
    </ClInclude>
    <ClInclude Include="src\features\manager\abstract.h">
      <Filter>Header Files</Filter>
    </ClInclude>
    <ClInclude Include="src\features\manager\manager.h">
      <Filter>Header Files</Filter>
    </ClInclude>
    <ClInclude Include="src\rage\invoker\types.h">
      <Filter>Header Files</Filter>
    </ClInclude>
    <ClInclude Include="src\rage\invoker\crossmap.h">
      <Filter>Header Files</Filter>
    </ClInclude>
    <ClInclude Include="src\rage\invoker\invoker.h">
      <Filter>Header Files</Filter>
    </ClInclude>
    <ClInclude Include="src\rage\invoker\natives.h">
      <Filter>Header Files</Filter>
    </ClInclude>
    <ClInclude Include="src\core\exception.h">
      <Filter>Header Files</Filter>
    </ClInclude>
    <ClInclude Include="src\rage\classes\joaat.h">
      <Filter>Header Files</Filter>
    </ClInclude>
    <ClInclude Include="src\rage\classes\vector.h">
      <Filter>Header Files</Filter>
    </ClInclude>
    <ClInclude Include="src\rage\classes\scrValue.h">
      <Filter>Header Files</Filter>
    </ClInclude>
    <ClInclude Include="src\rage\invoker\spoof_call.h">
      <Filter>Header Files</Filter>
    </ClInclude>
    <ClInclude Include="src\rage\classes\scrOpCode.h">
      <Filter>Header Files</Filter>
    </ClInclude>
    <ClInclude Include="src\rage\classes\scrNativeRegistrationTable.h">
      <Filter>Header Files</Filter>
    </ClInclude>
    <ClInclude Include="src\rage\classes\scrNativeRegistration.h">
      <Filter>Header Files</Filter>
    </ClInclude>
    <ClInclude Include="src\rage\classes\scrNativeCallContext.h">
      <Filter>Header Files</Filter>
    </ClInclude>
    <ClInclude Include="src\rage\classes\scrProgram.h">
      <Filter>Header Files</Filter>
    </ClInclude>
    <ClInclude Include="src\rage\classes\base.h">
      <Filter>Header Files</Filter>
    </ClInclude>
    <ClInclude Include="src\rage\classes\atMap.h">
      <Filter>Header Files</Filter>
    </ClInclude>
    <ClInclude Include="src\util\hooking\script.h">
      <Filter>Header Files</Filter>
    </ClInclude>
    <ClInclude Include="src\gui\util\flags.h">
      <Filter>Header Files</Filter>
    </ClInclude>
    <ClInclude Include="src\util\math.h">
      <Filter>Header Files</Filter>
    </ClInclude>
    <ClInclude Include="src\gui\types.h">
      <Filter>Header Files</Filter>
    </ClInclude>
    <ClInclude Include="src\gui\options\option.h">
      <Filter>Header Files</Filter>
    </ClInclude>
    <ClInclude Include="src\gui\util\translate.h">
      <Filter>Header Files</Filter>
    </ClInclude>
    <ClInclude Include="src\gui\options\button.h">
      <Filter>Header Files</Filter>
    </ClInclude>
    <ClInclude Include="src\gui\options\abstract_option.h">
      <Filter>Header Files</Filter>
    </ClInclude>
    <ClInclude Include="src\gui\options\abstract_submenu.h">
      <Filter>Header Files</Filter>
    </ClInclude>
    <ClInclude Include="src\gui\options\submenu.h">
      <Filter>Header Files</Filter>
    </ClInclude>
    <ClInclude Include="src\menu\submenus\main.h">
      <Filter>Header Files</Filter>
    </ClInclude>
    <ClInclude Include="src\rage\classes\enums.h">
      <Filter>Header Files</Filter>
    </ClInclude>
    <ClInclude Include="src\gui\options\core.h">
      <Filter>Header Files</Filter>
    </ClInclude>
    <ClInclude Include="src\util\fiber.h">
      <Filter>Header Files</Filter>
    </ClInclude>
    <ClInclude Include="src\gui\util\timer.h">
      <Filter>Header Files</Filter>
    </ClInclude>
    <ClInclude Include="src\gui\render.h">
      <Filter>Header Files</Filter>
    </ClInclude>
    <ClInclude Include="src\gui\renderer.h">
      <Filter>Header Files</Filter>
    </ClInclude>
    <ClInclude Include="src\gui\options\submenu_option.h">
      <Filter>Header Files</Filter>
    </ClInclude>
    <ClInclude Include="src\gui\options\toggle.h">
      <Filter>Header Files</Filter>
    </ClInclude>
    <ClInclude Include="src\gui\options\number.h">
      <Filter>Header Files</Filter>
    </ClInclude>
    <ClInclude Include="src\gui\util\char_mem_stream.h">
      <Filter>Header Files</Filter>
    </ClInclude>
    <ClInclude Include="src\gui\options\scroll.h">
      <Filter>Header Files</Filter>
    </ClInclude>
    <ClInclude Include="src\menu\submenus\main\settings.h">
      <Filter>Header Files</Filter>
    </ClInclude>
    <ClInclude Include="src\menu\submenus\main\settings\position.h">
      <Filter>Header Files</Filter>
    </ClInclude>
    <ClInclude Include="src\menu\submenus\main\player.h">
      <Filter>Header Files</Filter>
    </ClInclude>
    <ClInclude Include="src\gui\util\fonts.h">
      <Filter>Header Files</Filter>
    </ClInclude>
    <ClInclude Include="src\util\dirs.h">
      <Filter>Header Files</Filter>
    </ClInclude>
    <ClInclude Include="src\rage\engine.h">
      <Filter>Header Files</Filter>
    </ClInclude>
    <ClInclude Include="src\features\features.h">
      <Filter>Header Files</Filter>
    </ClInclude>
    <ClInclude Include="src\gui\util\panels.h">
      <Filter>Header Files</Filter>
    </ClInclude>
    <ClInclude Include="src\menu\submenus\main\spawner.h">
      <Filter>Header Files</Filter>
    </ClInclude>
    <ClInclude Include="src\menu\submenus\main\network.h">
      <Filter>Header Files</Filter>
    </ClInclude>
    <ClInclude Include="src\menu\submenus\main\network\network_players.h">
      <Filter>Header Files</Filter>
    </ClInclude>
    <ClInclude Include="src\menu\submenus\main\network\players\network_selected_player.h">
      <Filter>Header Files</Filter>
    </ClInclude>
    <ClInclude Include="src\menu\util\globals.h">
      <Filter>Header Files</Filter>
    </ClInclude>
    <ClInclude Include="src\util\fiber_pool.h">
      <Filter>Header Files</Filter>
    </ClInclude>
    <ClInclude Include="src\gui\util\notify.h">
      <Filter>Header Files</Filter>
    </ClInclude>
    <ClInclude Include="src\util\disassembler.h">
      <Filter>Header Files</Filter>
    </ClInclude>
    <ClInclude Include="src\gui\util\texture.h">
      <Filter>Header Files</Filter>
    </ClInclude>
    <ClInclude Include="src\rage\classes\sysMemAllocator.h">
      <Filter>Header Files</Filter>
    </ClInclude>
    <ClInclude Include="src\rage\classes\TlsContext.h">
      <Filter>Header Files</Filter>
    </ClInclude>
    <ClInclude Include="src\rage\classes\RTTI.h">
      <Filter>Header Files</Filter>
    </ClInclude>
    <ClInclude Include="src\rage\classes\grcLockedTexture.h">
      <Filter>Header Files</Filter>
    </ClInclude>
    <ClInclude Include="src\rage\classes\grcRenderTarget.h">
      <Filter>Header Files</Filter>
    </ClInclude>
    <ClInclude Include="src\rage\classes\grcTexture.h">
      <Filter>Header Files</Filter>
    </ClInclude>
    <ClInclude Include="src\rage\classes\grcTextureFactory.h">
      <Filter>Header Files</Filter>
    </ClInclude>
    <ClInclude Include="src\rage\classes\grcTextureStore.h">
      <Filter>Header Files</Filter>
    </ClInclude>
    <ClInclude Include="src\rage\classes\pgDictionaryPool.h">
      <Filter>Header Files</Filter>
    </ClInclude>
    <ClInclude Include="src\rage\classes\pgDictionary.h">
      <Filter>Header Files</Filter>
    </ClInclude>
    <ClInclude Include="..\includes\STB\STBImage.hpp">
      <Filter>Header Files</Filter>
    </ClInclude>
    <ClInclude Include="..\includes\STB\STBImageWrite.hpp">
      <Filter>Header Files</Filter>
    </ClInclude>
    <ClInclude Include="src\gui\d3d.h">
      <Filter>Header Files</Filter>
    </ClInclude>
    <ClInclude Include="src\gui\options\break.h">
      <Filter>Header Files</Filter>
    </ClInclude>
    <ClInclude Include="src\menu\submenus\main\spawner\spawner_manage.h">
      <Filter>Header Files</Filter>
    </ClInclude>
    <ClInclude Include="src\menu\submenus\main\spawner\spawner_settings.h">
      <Filter>Header Files</Filter>
    </ClInclude>
    <ClInclude Include="src\menu\util\players.h">
      <Filter>Header Files</Filter>
    </ClInclude>
    <ClInclude Include="src\rage\classes\CPed.h">
      <Filter>Header Files</Filter>
    </ClInclude>
    <ClInclude Include="src\rage\classes\CPedBoneInfo.h">
      <Filter>Header Files</Filter>
    </ClInclude>
    <ClInclude Include="src\rage\classes\CPedWeaponManager.h">
      <Filter>Header Files</Filter>
    </ClInclude>
    <ClInclude Include="src\rage\classes\CWeaponInfo.h">
      <Filter>Header Files</Filter>
    </ClInclude>
    <ClInclude Include="src\rage\classes\CItemInfo.h">
      <Filter>Header Files</Filter>
    </ClInclude>
    <ClInclude Include="src\rage\classes\CPedIntelligence.h">
      <Filter>Header Files</Filter>
    </ClInclude>
    <ClInclude Include="src\rage\classes\CPedInventory.h">
      <Filter>Header Files</Filter>
    </ClInclude>
    <ClInclude Include="src\rage\classes\CPlayerInfo.h">
      <Filter>Header Files</Filter>
    </ClInclude>
    <ClInclude Include="src\rage\classes\GamerInfo.h">
      <Filter>Header Files</Filter>
    </ClInclude>
    <ClInclude Include="src\rage\classes\PeerInfo.h">
      <Filter>Header Files</Filter>
    </ClInclude>
    <ClInclude Include="src\rage\classes\GamerHandle.h">
      <Filter>Header Files</Filter>
    </ClInclude>
    <ClInclude Include="src\rage\classes\NetSocketAddress.h">
      <Filter>Header Files</Filter>
    </ClInclude>
    <ClInclude Include="src\rage\classes\CPhysical.h">
      <Filter>Header Files</Filter>
    </ClInclude>
    <ClInclude Include="src\rage\classes\CEntity.h">
      <Filter>Header Files</Filter>
    </ClInclude>
    <ClInclude Include="src\rage\classes\fwExtensible.h">
      <Filter>Header Files</Filter>
    </ClInclude>
    <ClInclude Include="src\rage\classes\fwEntity.h">
      <Filter>Header Files</Filter>
    </ClInclude>
    <ClInclude Include="src\rage\classes\CNavigation.h">
      <Filter>Header Files</Filter>
    </ClInclude>
    <ClInclude Include="src\rage\classes\fwDrawData.h">
      <Filter>Header Files</Filter>
    </ClInclude>
    <ClInclude Include="src\rage\classes\NetObject.h">
      <Filter>Header Files</Filter>
    </ClInclude>
    <ClInclude Include="src\rage\classes\SyncTree.h">
      <Filter>Header Files</Filter>
    </ClInclude>
    <ClInclude Include="src\rage\classes\CNetGamePlayer.h">
      <Filter>Header Files</Filter>
    </ClInclude>
    <ClInclude Include="src\rage\classes\NetPlayer.h">
      <Filter>Header Files</Filter>
    </ClInclude>
    <ClInclude Include="src\rage\classes\CNonPhysicalPlayerData.h">
      <Filter>Header Files</Filter>
    </ClInclude>
    <ClInclude Include="src\rage\classes\NonPhysicalPlayerDataBase.h">
      <Filter>Header Files</Filter>
    </ClInclude>
    <ClInclude Include="src\rage\classes\ClanData.h">
      <Filter>Header Files</Filter>
    </ClInclude>
    <ClInclude Include="src\rage\classes\SessionInfo.h">
      <Filter>Header Files</Filter>
    </ClInclude>
    <ClInclude Include="src\rage\classes\CPedFactory.h">
      <Filter>Header Files</Filter>
    </ClInclude>
    <ClInclude Include="src\rage\classes\Vehicle.h">
      <Filter>Header Files</Filter>
    </ClInclude>
    <ClInclude Include="src\gui\options\color.h">
      <Filter>Header Files</Filter>
    </ClInclude>
    <ClInclude Include="src\menu\submenus\main\settings\color.h">
      <Filter>Header Files</Filter>
    </ClInclude>
    <ClInclude Include="src\menu\util\scr_global.h">
      <Filter>Header Files</Filter>
    </ClInclude>
    <ClInclude Include="src\menu\submenus\main\weapon.h">
      <Filter>Header Files</Filter>
    </ClInclude>
    <ClInclude Include="src\menu\util\lists.h">
      <Filter>Header Files</Filter>
    </ClInclude>
    <ClInclude Include="src\menu\submenus\main\vehicle.h">
      <Filter>Header Files</Filter>
    </ClInclude>
    <ClInclude Include="src\util\json.h">
      <Filter>Header Files</Filter>
    </ClInclude>
    <ClInclude Include="src\menu\submenus\main\settings\hotkeys.h">
      <Filter>Header Files</Filter>
    </ClInclude>
    <ClInclude Include="src\menu\submenus\main\weapon\weapon_mods.h">
      <Filter>Header Files</Filter>
    </ClInclude>
    <ClInclude Include="src\menu\util\control.h">
      <Filter>Header Files</Filter>
    </ClInclude>
    <ClInclude Include="src\menu\util\raycast.h">
      <Filter>Header Files</Filter>
    </ClInclude>
    <ClInclude Include="src\rage\classes\scrThread.h">
      <Filter>Header Files</Filter>
    </ClInclude>
    <ClInclude Include="src\menu\submenus\main\player\appearance.h">
      <Filter>Header Files</Filter>
    </ClInclude>
    <ClInclude Include="src\menu\submenus\main\player\movement.h">
      <Filter>Header Files</Filter>
    </ClInclude>
    <ClInclude Include="src\menu\submenus\main\player\animation.h">
      <Filter>Header Files</Filter>
    </ClInclude>
    <ClInclude Include="src\menu\submenus\main\player\particles.h">
      <Filter>Header Files</Filter>
    </ClInclude>
    <ClInclude Include="src\menu\submenus\main\player\visions.h">
      <Filter>Header Files</Filter>
    </ClInclude>
    <ClInclude Include="src\menu\submenus\main\weapon\paint_gun.h">
      <Filter>Header Files</Filter>
    </ClInclude>
    <ClInclude Include="src\menu\submenus\main\weapon\aimbot.h">
      <Filter>Header Files</Filter>
    </ClInclude>
    <ClInclude Include="src\menu\util\pools.h">
      <Filter>Header Files</Filter>
    </ClInclude>
    <ClInclude Include="src\rage\classes\pools.h">
      <Filter>Header Files</Filter>
    </ClInclude>
    <ClInclude Include="src\menu\submenus\main\weapon\weapon_disables.h">
      <Filter>Header Files</Filter>
    </ClInclude>
    <ClInclude Include="src\menu\submenus\main\weapon\weapon_multipliers.h">
      <Filter>Header Files</Filter>
    </ClInclude>
    <ClInclude Include="src\menu\submenus\main\weapon\explosions.h">
      <Filter>Header Files</Filter>
    </ClInclude>
    <ClInclude Include="src\menu\submenus\main\weapon\entity_gun.h">
      <Filter>Header Files</Filter>
    </ClInclude>
    <ClInclude Include="src\menu\submenus\main\weapon\particle_gun.h">
      <Filter>Header Files</Filter>
    </ClInclude>
    <ClInclude Include="src\menu\submenus\main\weapon\gravity_gun.h">
      <Filter>Header Files</Filter>
    </ClInclude>
    <ClInclude Include="src\menu\submenus\main\weapon\weapon_tracers.h">
      <Filter>Header Files</Filter>
    </ClInclude>
    <ClInclude Include="src\menu\submenus\main\vehicle\vehicle_mods.h">
      <Filter>Header Files</Filter>
    </ClInclude>
    <ClInclude Include="src\menu\submenus\main\vehicle\vehicle_health.h">
      <Filter>Header Files</Filter>
    </ClInclude>
    <ClInclude Include="src\menu\submenus\main\vehicle\vehicle_movement.h">
      <Filter>Header Files</Filter>
    </ClInclude>
    <ClInclude Include="src\menu\submenus\main\vehicle\movement\vehicle_acrobatics.h">
      <Filter>Header Files</Filter>
    </ClInclude>
    <ClInclude Include="src\menu\submenus\main\vehicle\movement\vehicle_parachute.h">
      <Filter>Header Files</Filter>
    </ClInclude>
    <ClInclude Include="src\menu\submenus\main\vehicle\vehicle_boost.h">
      <Filter>Header Files</Filter>
    </ClInclude>
    <ClInclude Include="src\menu\submenus\main\vehicle\vehicle_multipliers.h">
      <Filter>Header Files</Filter>
    </ClInclude>
    <ClInclude Include="src\menu\submenus\main\vehicle\vehicle_weapons.h">
      <Filter>Header Files</Filter>
    </ClInclude>
    <ClInclude Include="src\menu\submenus\main\vehicle\vehicle_particles.h">
      <Filter>Header Files</Filter>
    </ClInclude>
    <ClInclude Include="src\menu\submenus\main\vehicle\vehicle_collision.h">
      <Filter>Header Files</Filter>
    </ClInclude>
    <ClInclude Include="src\menu\submenus\main\vehicle\vehicle_gravity.h">
      <Filter>Header Files</Filter>
    </ClInclude>
    <ClInclude Include="src\menu\submenus\main\vehicle\vehicle_ramps.h">
      <Filter>Header Files</Filter>
    </ClInclude>
    <ClInclude Include="src\menu\submenus\main\vehicle\vehicle_tyre_tracks.h">
      <Filter>Header Files</Filter>
    </ClInclude>
    <ClInclude Include="src\rage\classes\vfx.h">
      <Filter>Header Files</Filter>
    </ClInclude>
    <ClInclude Include="src\gui\util\rainbow.h">
      <Filter>Header Files</Filter>
    </ClInclude>
    <ClInclude Include="src\menu\submenus\main\vehicle\vehicle_modifiers.h">
      <Filter>Header Files</Filter>
    </ClInclude>
    <ClInclude Include="src\menu\submenus\main\teleport.h">
      <Filter>Header Files</Filter>
    </ClInclude>
    <ClInclude Include="src\rage\classes\CBlipList.h">
      <Filter>Header Files</Filter>
    </ClInclude>
    <ClInclude Include="src\menu\submenus\main\network\network_new_session.h">
      <Filter>Header Files</Filter>
    </ClInclude>
    <ClInclude Include="src\menu\submenus\main\network\network_transitions.h">
      <Filter>Header Files</Filter>
    </ClInclude>
    <ClInclude Include="src\rage\classes\WebConstuction.h">
      <Filter>Header Files</Filter>
    </ClInclude>
    <ClInclude Include="src\menu\submenus\main\network\transitions\network_matchmaking.h">
      <Filter>Header Files</Filter>
    </ClInclude>
    <ClInclude Include="src\menu\submenus\main\network\network_session.h">
      <Filter>Header Files</Filter>
    </ClInclude>
    <ClInclude Include="src\rage\classes\atArray.h">
      <Filter>Header Files</Filter>
    </ClInclude>
    <ClInclude Include="src\rage\classes\script_handler.h">
      <Filter>Header Files</Filter>
    </ClInclude>
    <ClInclude Include="src\rage\classes\script_id.h">
      <Filter>Header Files</Filter>
    </ClInclude>
    <ClInclude Include="src\rage\classes\CNetworkPlayerMgr.h">
      <Filter>Header Files</Filter>
    </ClInclude>
    <ClInclude Include="src\rage\classes\netPlayerMgrBase.h">
      <Filter>Header Files</Filter>
    </ClInclude>
    <ClInclude Include="src\rage\classes\CNetGamePlayerDataMsg.h">
      <Filter>Header Files</Filter>
    </ClInclude>
    <ClInclude Include="src\menu\submenus\main\network\session\network_session_scripts.h">
      <Filter>Header Files</Filter>
    </ClInclude>
    <ClInclude Include="src\menu\submenus\main\network\session\network_session_block_join.h">
      <Filter>Header Files</Filter>
    </ClInclude>
    <ClInclude Include="src\rage\classes\rlSessionByGamerTaskResult.h">
      <Filter>Header Files</Filter>
    </ClInclude>
    <ClInclude Include="src\rage\classes\rlTaskStatus.h">
      <Filter>Header Files</Filter>
    </ClInclude>
    <ClInclude Include="src\rage\classes\Network.h">
      <Filter>Header Files</Filter>
    </ClInclude>
    <ClInclude Include="src\rage\classes\rlMetric.h">
      <Filter>Header Files</Filter>
    </ClInclude>
    <ClInclude Include="src\rage\classes\ObfVar.h">
      <Filter>Header Files</Filter>
    </ClInclude>
    <ClInclude Include="src\rage\classes\CNetComplaintMgr.h">
      <Filter>Header Files</Filter>
    </ClInclude>
    <ClInclude Include="src\rage\classes\snSession.h">
      <Filter>Header Files</Filter>
    </ClInclude>
    <ClInclude Include="src\rage\classes\CCommunications.h">
      <Filter>Header Files</Filter>
    </ClInclude>
    <ClInclude Include="src\rage\classes\netShopping.h">
      <Filter>Header Files</Filter>
    </ClInclude>
    <ClInclude Include="src\menu\submenus\main\network\network_spoofing.h">
      <Filter>Header Files</Filter>
    </ClInclude>
    <ClInclude Include="src\menu\submenus\main\network\spoofing\network_spoofing_host_token.h">
      <Filter>Header Files</Filter>
    </ClInclude>
    <ClInclude Include="src\menu\submenus\main\network\spoofing\network_spoofing_name.h">
      <Filter>Header Files</Filter>
    </ClInclude>
    <ClInclude Include="src\menu\submenus\main\protections.h">
      <Filter>Header Files</Filter>
    </ClInclude>
    <ClInclude Include="src\menu\submenus\main\protections\protection_network_events.h">
      <Filter>Header Files</Filter>
    </ClInclude>
    <ClInclude Include="src\security\xor.h">
      <Filter>Header Files</Filter>
    </ClInclude>
    <ClInclude Include="src\rage\classes\fwddec.h">
      <Filter>Header Files</Filter>
    </ClInclude>
    <ClInclude Include="src\menu\submenus\main\recovery.h">
      <Filter>Header Files</Filter>
    </ClInclude>
    <ClInclude Include="src\rage\classes\datBitBuffer.h">
      <Filter>Header Files</Filter>
    </ClInclude>
    <ClInclude Include="src\rage\classes\CSyncDataBase.h">
      <Filter>Header Files</Filter>
    </ClInclude>
    <ClInclude Include="src\rage\classes\netGameEvent.h">
      <Filter>Header Files</Filter>
    </ClInclude>
    <ClInclude Include="src\menu\submenus\main\protections\protection_reports.h">
      <Filter>Header Files</Filter>
    </ClInclude>
    <ClInclude Include="src\menu\submenus\main\protections\protection_script_events.h">
      <Filter>Header Files</Filter>
    </ClInclude>
  </ItemGroup>
  <ItemGroup>
    <ClCompile Include="src\dllmain.cpp">
      <Filter>Source Files</Filter>
    </ClCompile>
    <ClCompile Include="src\pch.cpp">
      <Filter>Source Files</Filter>
    </ClCompile>
    <ClCompile Include="src\util\thread_pool.cpp">
      <Filter>Source Files</Filter>
    </ClCompile>
    <ClCompile Include="src\core\core.cpp">
      <Filter>Source Files</Filter>
    </ClCompile>
    <ClCompile Include="src\util\log.cpp">
      <Filter>Source Files</Filter>
    </ClCompile>
    <ClCompile Include="src\memory\pattern.cpp">
      <Filter>Source Files</Filter>
    </ClCompile>
    <ClCompile Include="src\hooks\hooks.cpp">
      <Filter>Source Files</Filter>
    </ClCompile>
    <ClCompile Include="src\util\hooking\hooking.cpp">
      <Filter>Source Files</Filter>
    </ClCompile>
    <ClCompile Include="src\features\manager\manager.cpp">
      <Filter>Source Files</Filter>
    </ClCompile>
    <ClCompile Include="src\hooks\patterns.cpp">
      <Filter>Source Files</Filter>
    </ClCompile>
    <ClCompile Include="src\rage\invoker\invoker.cpp">
      <Filter>Source Files</Filter>
    </ClCompile>
    <ClCompile Include="src\hooks\hooks\stat_get_int.cpp">
      <Filter>Source Files</Filter>
    </ClCompile>
    <ClCompile Include="src\util\hooking\script.cpp">
      <Filter>Source Files</Filter>
    </ClCompile>
    <ClCompile Include="src\gui\util\translate.cpp">
      <Filter>Source Files</Filter>
    </ClCompile>
    <ClCompile Include="src\menu\submenus\main.cpp">
      <Filter>Source Files</Filter>
    </ClCompile>
    <ClCompile Include="src\util\fiber.cpp">
      <Filter>Source Files</Filter>
    </ClCompile>
    <ClCompile Include="src\gui\renderer.cpp">
      <Filter>Source Files</Filter>
    </ClCompile>
    <ClCompile Include="src\menu\submenus\main\settings.cpp">
      <Filter>Source Files</Filter>
    </ClCompile>
    <ClCompile Include="src\menu\submenus\main\settings\position.cpp">
      <Filter>Source Files</Filter>
    </ClCompile>
    <ClCompile Include="src\menu\submenus\main\player.cpp">
      <Filter>Source Files</Filter>
    </ClCompile>
    <ClCompile Include="src\gui\util\fonts.cpp">
      <Filter>Source Files</Filter>
    </ClCompile>
    <ClCompile Include="src\util\dirs.cpp">
      <Filter>Source Files</Filter>
    </ClCompile>
    <ClCompile Include="src\features\features.cpp">
      <Filter>Source Files</Filter>
    </ClCompile>
    <ClCompile Include="src\gui\util\panels.cpp">
      <Filter>Source Files</Filter>
    </ClCompile>
    <ClCompile Include="src\menu\submenus\main\spawner.cpp">
      <Filter>Source Files</Filter>
    </ClCompile>
    <ClCompile Include="src\menu\submenus\main\network.cpp">
      <Filter>Source Files</Filter>
    </ClCompile>
    <ClCompile Include="src\menu\submenus\main\network\network_players.cpp">
      <Filter>Source Files</Filter>
    </ClCompile>
    <ClCompile Include="src\menu\submenus\main\network\players\network_selected_player.cpp">
      <Filter>Source Files</Filter>
    </ClCompile>
    <ClCompile Include="src\menu\util\globals.cpp">
      <Filter>Source Files</Filter>
    </ClCompile>
    <ClCompile Include="src\util\fiber_pool.cpp">
      <Filter>Source Files</Filter>
    </ClCompile>
    <ClCompile Include="src\gui\util\notify.cpp">
      <Filter>Source Files</Filter>
    </ClCompile>
    <ClCompile Include="src\gui\util\texture.cpp">
      <Filter>Source Files</Filter>
    </ClCompile>
    <ClCompile Include="src\gui\d3d.cpp">
      <Filter>Source Files</Filter>
    </ClCompile>
    <ClCompile Include="src\menu\submenus\main\spawner\spawner_manage.cpp">
      <Filter>Source Files</Filter>
    </ClCompile>
    <ClCompile Include="src\menu\submenus\main\spawner\spawner_settings.cpp">
      <Filter>Source Files</Filter>
    </ClCompile>
    <ClCompile Include="src\menu\util\players.cpp">
      <Filter>Source Files</Filter>
    </ClCompile>
    <ClCompile Include="src\menu\submenus\main\settings\color.cpp">
      <Filter>Source Files</Filter>
    </ClCompile>
    <ClCompile Include="src\menu\submenus\main\weapon.cpp">
      <Filter>Source Files</Filter>
    </ClCompile>
    <ClCompile Include="src\menu\submenus\main\vehicle.cpp">
      <Filter>Source Files</Filter>
    </ClCompile>
    <ClCompile Include="src\menu\submenus\main\settings\hotkeys.cpp">
      <Filter>Source Files</Filter>
    </ClCompile>
    <ClCompile Include="src\menu\submenus\main\weapon\weapon_mods.cpp">
      <Filter>Source Files</Filter>
    </ClCompile>
    <ClCompile Include="src\menu\submenus\main\player\apperance.cpp">
      <Filter>Source Files</Filter>
    </ClCompile>
    <ClCompile Include="src\menu\submenus\main\player\movement.cpp">
      <Filter>Source Files</Filter>
    </ClCompile>
    <ClCompile Include="src\menu\submenus\main\player\animation.cpp">
      <Filter>Source Files</Filter>
    </ClCompile>
    <ClCompile Include="src\menu\submenus\main\player\particles.cpp">
      <Filter>Source Files</Filter>
    </ClCompile>
    <ClCompile Include="src\menu\submenus\main\player\visions.cpp">
      <Filter>Source Files</Filter>
    </ClCompile>
    <ClCompile Include="src\menu\submenus\main\weapon\paint_gun.cpp">
      <Filter>Source Files</Filter>
    </ClCompile>
    <ClCompile Include="src\menu\submenus\main\weapon\aimbot.cpp">
      <Filter>Source Files</Filter>
    </ClCompile>
    <ClCompile Include="src\menu\submenus\main\weapon\weapon_disables.cpp">
      <Filter>Source Files</Filter>
    </ClCompile>
    <ClCompile Include="src\menu\submenus\main\weapon\weapon_multipliers.cpp">
      <Filter>Source Files</Filter>
    </ClCompile>
    <ClCompile Include="src\menu\submenus\main\weapon\explosions.cpp">
      <Filter>Source Files</Filter>
    </ClCompile>
    <ClCompile Include="src\menu\submenus\main\weapon\entity_gun.cpp">
      <Filter>Source Files</Filter>
    </ClCompile>
    <ClCompile Include="src\menu\submenus\main\weapon\particle_gun.cpp">
      <Filter>Source Files</Filter>
    </ClCompile>
    <ClCompile Include="src\menu\submenus\main\weapon\gravity_gun.cpp">
      <Filter>Source Files</Filter>
    </ClCompile>
    <ClCompile Include="src\menu\submenus\main\weapon\weapon_tracers.cpp">
      <Filter>Source Files</Filter>
    </ClCompile>
    <ClCompile Include="src\menu\submenus\main\vehicle\vehicle_mods.cpp">
      <Filter>Source Files</Filter>
    </ClCompile>
    <ClCompile Include="src\menu\submenus\main\vehicle\vehicle_health.cpp">
      <Filter>Source Files</Filter>
    </ClCompile>
    <ClCompile Include="src\menu\submenus\main\vehicle\vehicle_movement.cpp">
      <Filter>Source Files</Filter>
    </ClCompile>
    <ClCompile Include="src\menu\submenus\main\vehicle\movement\vehicle_acrobatics.cpp">
      <Filter>Source Files</Filter>
    </ClCompile>
    <ClCompile Include="src\menu\submenus\main\vehicle\movement\vehicle_parachute.cpp">
      <Filter>Source Files</Filter>
    </ClCompile>
    <ClCompile Include="src\menu\submenus\main\vehicle\vehicle_boost.cpp">
      <Filter>Source Files</Filter>
    </ClCompile>
    <ClCompile Include="src\menu\submenus\main\vehicle\vehicle_multipliers.cpp">
      <Filter>Source Files</Filter>
    </ClCompile>
    <ClCompile Include="src\menu\submenus\main\vehicle\vehicle_weapons.cpp">
      <Filter>Source Files</Filter>
    </ClCompile>
    <ClCompile Include="src\menu\submenus\main\vehicle\vehicle_particles.cpp">
      <Filter>Source Files</Filter>
    </ClCompile>
    <ClCompile Include="src\menu\submenus\main\vehicle\vehicle_collision.cpp">
      <Filter>Source Files</Filter>
    </ClCompile>
    <ClCompile Include="src\menu\submenus\main\vehicle\vehicle_gravity.cpp">
      <Filter>Source Files</Filter>
    </ClCompile>
    <ClCompile Include="src\menu\submenus\main\vehicle\vehicle_ramps.cpp">
      <Filter>Source Files</Filter>
    </ClCompile>
    <ClCompile Include="src\gui\util\rainbow.cpp">
      <Filter>Source Files</Filter>
    </ClCompile>
    <ClCompile Include="src\menu\submenus\main\vehicle\vehicle_tyre_tracks.cpp">
      <Filter>Source Files</Filter>
    </ClCompile>
    <ClCompile Include="src\menu\submenus\main\vehicle\vehicle_modifiers.cpp">
      <Filter>Source Files</Filter>
    </ClCompile>
    <ClCompile Include="src\menu\submenus\main\teleport.cpp">
      <Filter>Source Files</Filter>
    </ClCompile>
    <ClCompile Include="src\menu\submenus\main\network\network_new_session.cpp">
      <Filter>Source Files</Filter>
    </ClCompile>
    <ClCompile Include="src\menu\submenus\main\network\network_transitions.cpp">
      <Filter>Source Files</Filter>
    </ClCompile>
    <ClCompile Include="src\hooks\hooks\bypass.cpp">
      <Filter>Source Files</Filter>
    </ClCompile>
    <ClCompile Include="src\menu\submenus\main\network\transitions\network_matchmaking.cpp">
      <Filter>Source Files</Filter>
    </ClCompile>
    <ClCompile Include="src\menu\submenus\main\network\network_session.cpp">
      <Filter>Source Files</Filter>
    </ClCompile>
    <ClCompile Include="src\rage\classes\script_handler.cpp">
      <Filter>Source Files</Filter>
    </ClCompile>
    <ClCompile Include="src\menu\submenus\main\network\session\network_session_scripts.cpp">
      <Filter>Source Files</Filter>
    </ClCompile>
    <ClCompile Include="src\menu\submenus\main\network\session\network_session_block_join.cpp">
      <Filter>Source Files</Filter>
    </ClCompile>
    <ClCompile Include="src\menu\submenus\main\network\network_spoofing.cpp">
      <Filter>Source Files</Filter>
    </ClCompile>
    <ClCompile Include="src\menu\submenus\main\network\spoofing\network_spoofing_host_token.cpp">
      <Filter>Source Files</Filter>
    </ClCompile>
    <ClCompile Include="src\menu\submenus\main\network\spoofing\network_spoofing_name.cpp">
      <Filter>Source Files</Filter>
    </ClCompile>
    <ClCompile Include="src\menu\submenus\main\protections.cpp">
      <Filter>Source Files</Filter>
    </ClCompile>
    <ClCompile Include="src\menu\submenus\main\protections\protection_network_events.cpp">
      <Filter>Source Files</Filter>
    </ClCompile>
    <ClCompile Include="src\menu\submenus\main\recovery.cpp">
      <Filter>Source Files</Filter>
    </ClCompile>
    <ClCompile Include="src\hooks\hooks\syncVehicleOrientation.cpp">
      <Filter>Source Files</Filter>
    </ClCompile>
    <ClCompile Include="src\hooks\hooks\syncPedOrientation.cpp">
      <Filter>Source Files</Filter>
    </ClCompile>
    <ClCompile Include="src\hooks\hooks\receivedNetworkEvent.cpp">
      <Filter>Source Files</Filter>
    </ClCompile>
    <ClCompile Include="src\menu\submenus\main\protections\protection_script_events.cpp">
      <Filter>Source Files</Filter>
    </ClCompile>
    <ClCompile Include="src\menu\submenus\main\protections\protection_reports.cpp">
      <Filter>Source Files</Filter>
    </ClCompile>
  </ItemGroup>
  <ItemGroup>
    <MASM Include="src\rage\invoker\spoof_call.asm">
      <Filter>Source Files</Filter>
    </MASM>
  </ItemGroup>
</Project>